
Microsoft Visual Studio Solution File, Format Version 12.00
# Visual Studio 15
VisualStudioVersion = 15.0.27703.2042
MinimumVisualStudioVersion = 10.0.40219.1
Project("{888888A0-9F3D-457C-B088-3A5042F75D52}") = "PyAlarm", "PyAlarm\PyAlarm.pyproj", "{EAC16555-0729-431E-9059-B710D531E013}"
EndProject
Global
	GlobalSection(SolutionConfigurationPlatforms) = preSolution
		Debug|Any CPU = Debug|Any CPU
		Release|Any CPU = Release|Any CPU
	EndGlobalSection
	GlobalSection(ProjectConfigurationPlatforms) = postSolution
		{EAC16555-0729-431E-9059-B710D531E013}.Debug|Any CPU.ActiveCfg = Debug|Any CPU
		{EAC16555-0729-431E-9059-B710D531E013}.Release|Any CPU.ActiveCfg = Release|Any CPU
	EndGlobalSection
	GlobalSection(SolutionProperties) = preSolution
		HideSolutionNode = FALSE
	EndGlobalSection
	GlobalSection(ExtensibilityGlobals) = postSolution
		SolutionGuid = {56D2F6A0-B223-44AC-985B-E7BD03018E6C}
	EndGlobalSection
EndGlobal
